
Microsoft Visual Studio Solution File, Format Version 12.00
# Visual Studio Version 16
VisualStudioVersion = 16.0.29424.173
MinimumVisualStudioVersion = 10.0.40219.1
Project("{FAE04EC0-301F-11D3-BF4B-00C04F79EFBC}") = "PipeSharp", "PipeSharp\PipeSharp.csproj", "{0EF80598-97D8-4834-9564-FF0F162264A3}"
EndProject
Project("{FAE04EC0-301F-11D3-BF4B-00C04F79EFBC}") = "PipeSharp.GeneratorConsole", "PipeSharp.GeneratorConsole\PipeSharp.GeneratorConsole.csproj", "{00F0E371-4697-4E2B-8867-8848A8D46D1E}"
EndProject
Project("{FAE04EC0-301F-11D3-BF4B-00C04F79EFBC}") = "PipeSharp.UnitTests", "PipeSharp.UnitTests\PipeSharp.UnitTests.csproj", "{4CCBC2C3-E23E-4026-A14E-BA34A58655F9}"
EndProject
Global
	GlobalSection(SolutionConfigurationPlatforms) = preSolution
		Debug|Any CPU = Debug|Any CPU
		Release|Any CPU = Release|Any CPU
	EndGlobalSection
	GlobalSection(ProjectConfigurationPlatforms) = postSolution
		{0EF80598-97D8-4834-9564-FF0F162264A3}.Debug|Any CPU.ActiveCfg = Debug|Any CPU
		{0EF80598-97D8-4834-9564-FF0F162264A3}.Debug|Any CPU.Build.0 = Debug|Any CPU
		{0EF80598-97D8-4834-9564-FF0F162264A3}.Release|Any CPU.ActiveCfg = Release|Any CPU
		{0EF80598-97D8-4834-9564-FF0F162264A3}.Release|Any CPU.Build.0 = Release|Any CPU
		{00F0E371-4697-4E2B-8867-8848A8D46D1E}.Debug|Any CPU.ActiveCfg = Debug|Any CPU
		{00F0E371-4697-4E2B-8867-8848A8D46D1E}.Debug|Any CPU.Build.0 = Debug|Any CPU
		{00F0E371-4697-4E2B-8867-8848A8D46D1E}.Release|Any CPU.ActiveCfg = Release|Any CPU
		{00F0E371-4697-4E2B-8867-8848A8D46D1E}.Release|Any CPU.Build.0 = Release|Any CPU
		{4CCBC2C3-E23E-4026-A14E-BA34A58655F9}.Debug|Any CPU.ActiveCfg = Debug|Any CPU
		{4CCBC2C3-E23E-4026-A14E-BA34A58655F9}.Debug|Any CPU.Build.0 = Debug|Any CPU
		{4CCBC2C3-E23E-4026-A14E-BA34A58655F9}.Release|Any CPU.ActiveCfg = Release|Any CPU
		{4CCBC2C3-E23E-4026-A14E-BA34A58655F9}.Release|Any CPU.Build.0 = Release|Any CPU
	EndGlobalSection
	GlobalSection(SolutionProperties) = preSolution
		HideSolutionNode = FALSE
	EndGlobalSection
	GlobalSection(ExtensibilityGlobals) = postSolution
		SolutionGuid = {8BB67BC5-C026-4DB7-8534-D586EF9CDF40}
	EndGlobalSection
EndGlobal
